// !$*UTF8*$!
{
	archiveVersion = 1;
	classes = {
	};
	objectVersion = 46;
	objects = {

/* Begin PBXBuildFile section */
		AB5EC9231C2B7C4500E06BDC /* AppDelegate.swift in Sources */ = {isa = PBXBuildFile; fileRef = AB5EC9221C2B7C4500E06BDC /* AppDelegate.swift */; };
		AB5EC9251C2B7C4500E06BDC /* ViewController.swift in Sources */ = {isa = PBXBuildFile; fileRef = AB5EC9241C2B7C4500E06BDC /* ViewController.swift */; };
		AB5EC9281C2B7C4500E06BDC /* Main.storyboard in Resources */ = {isa = PBXBuildFile; fileRef = AB5EC9261C2B7C4500E06BDC /* Main.storyboard */; };
		AB5EC92A1C2B7C4500E06BDC /* Assets.xcassets in Resources */ = {isa = PBXBuildFile; fileRef = AB5EC9291C2B7C4500E06BDC /* Assets.xcassets */; };
		AB5EC92D1C2B7C4500E06BDC /* LaunchScreen.storyboard in Resources */ = {isa = PBXBuildFile; fileRef = AB5EC92B1C2B7C4500E06BDC /* LaunchScreen.storyboard */; };
		AB5EC9381C2B7C4500E06BDC /* CalculatorTests.swift in Sources */ = {isa = PBXBuildFile; fileRef = AB5EC9371C2B7C4500E06BDC /* CalculatorTests.swift */; };
		AB5EC9431C2B7C4500E06BDC /* CalculatorUITests.swift in Sources */ = {isa = PBXBuildFile; fileRef = AB5EC9421C2B7C4500E06BDC /* CalculatorUITests.swift */; };
		AB9912B91C31189A00B9777B /* CalculatorBrain.swift in Sources */ = {isa = PBXBuildFile; fileRef = AB9912B81C31189A00B9777B /* CalculatorBrain.swift */; };
/* End PBXBuildFile section */

/* Begin PBXContainerItemProxy section */
		AB5EC9341C2B7C4500E06BDC /* PBXContainerItemProxy */ = {
			isa = PBXContainerItemProxy;
			containerPortal = AB5EC9171C2B7C4500E06BDC /* Project object */;
			proxyType = 1;
			remoteGlobalIDString = AB5EC91E1C2B7C4500E06BDC;
			remoteInfo = Calculator;
		};
		AB5EC93F1C2B7C4500E06BDC /* PBXContainerItemProxy */ = {
			isa = PBXContainerItemProxy;
			containerPortal = AB5EC9171C2B7C4500E06BDC /* Project object */;
			proxyType = 1;
			remoteGlobalIDString = AB5EC91E1C2B7C4500E06BDC;
			remoteInfo = Calculator;
		};
/* End PBXContainerItemProxy section */

/* Begin PBXFileReference section */
		AB5EC91F1C2B7C4500E06BDC /* Calculator.app */ = {isa = PBXFileReference; explicitFileType = wrapper.application; includeInIndex = 0; path = Calculator.app; sourceTree = BUILT_PRODUCTS_DIR; };
		AB5EC9221C2B7C4500E06BDC /* AppDelegate.swift */ = {isa = PBXFileReference; lastKnownFileType = sourcecode.swift; path = AppDelegate.swift; sourceTree = "<group>"; };
		AB5EC9241C2B7C4500E06BDC /* ViewController.swift */ = {isa = PBXFileReference; lastKnownFileType = sourcecode.swift; path = ViewController.swift; sourceTree = "<group>"; };
		AB5EC9271C2B7C4500E06BDC /* Base */ = {isa = PBXFileReference; lastKnownFileType = file.storyboard; name = Base; path = Base.lproj/Main.storyboard; sourceTree = "<group>"; };
		AB5EC9291C2B7C4500E06BDC /* Assets.xcassets */ = {isa = PBXFileReference; lastKnownFileType = folder.assetcatalog; path = Assets.xcassets; sourceTree = "<group>"; };
		AB5EC92C1C2B7C4500E06BDC /* Base */ = {isa = PBXFileReference; lastKnownFileType = file.storyboard; name = Base; path = Base.lproj/LaunchScreen.storyboard; sourceTree = "<group>"; };
		AB5EC92E1C2B7C4500E06BDC /* Info.plist */ = {isa = PBXFileReference; lastKnownFileType = text.plist.xml; path = Info.plist; sourceTree = "<group>"; };
		AB5EC9331C2B7C4500E06BDC /* CalculatorTests.xctest */ = {isa = PBXFileReference; explicitFileType = wrapper.cfbundle; includeInIndex = 0; path = CalculatorTests.xctest; sourceTree = BUILT_PRODUCTS_DIR; };
		AB5EC9371C2B7C4500E06BDC /* CalculatorTests.swift */ = {isa = PBXFileReference; lastKnownFileType = sourcecode.swift; path = CalculatorTests.swift; sourceTree = "<group>"; };
		AB5EC9391C2B7C4500E06BDC /* Info.plist */ = {isa = PBXFileReference; lastKnownFileType = text.plist.xml; path = Info.plist; sourceTree = "<group>"; };
		AB5EC93E1C2B7C4500E06BDC /* CalculatorUITests.xctest */ = {isa = PBXFileReference; explicitFileType = wrapper.cfbundle; includeInIndex = 0; path = CalculatorUITests.xctest; sourceTree = BUILT_PRODUCTS_DIR; };
		AB5EC9421C2B7C4500E06BDC /* CalculatorUITests.swift */ = {isa = PBXFileReference; lastKnownFileType = sourcecode.swift; path = CalculatorUITests.swift; sourceTree = "<group>"; };
		AB5EC9441C2B7C4500E06BDC /* Info.plist */ = {isa = PBXFileReference; lastKnownFileType = text.plist.xml; path = Info.plist; sourceTree = "<group>"; };
		AB9912B81C31189A00B9777B /* CalculatorBrain.swift */ = {isa = PBXFileReference; fileEncoding = 4; lastKnownFileType = sourcecode.swift; path = CalculatorBrain.swift; sourceTree = "<group>"; };
/* End PBXFileReference section */

/* Begin PBXFrameworksBuildPhase section */
		AB5EC91C1C2B7C4500E06BDC /* Frameworks */ = {
			isa = PBXFrameworksBuildPhase;
			buildActionMask = 2147483647;
			files = (
			);
			runOnlyForDeploymentPostprocessing = 0;
		};
		AB5EC9301C2B7C4500E06BDC /* Frameworks */ = {
			isa = PBXFrameworksBuildPhase;
			buildActionMask = 2147483647;
			files = (
			);
			runOnlyForDeploymentPostprocessing = 0;
		};
		AB5EC93B1C2B7C4500E06BDC /* Frameworks */ = {
			isa = PBXFrameworksBuildPhase;
			buildActionMask = 2147483647;
			files = (
			);
			runOnlyForDeploymentPostprocessing = 0;
		};
/* End PBXFrameworksBuildPhase section */

/* Begin PBXGroup section */
		AB5EC9161C2B7C4500E06BDC = {
			isa = PBXGroup;
			children = (
				AB5EC9211C2B7C4500E06BDC /* Calculator */,
				AB5EC9361C2B7C4500E06BDC /* CalculatorTests */,
				AB5EC9411C2B7C4500E06BDC /* CalculatorUITests */,
				AB5EC9201C2B7C4500E06BDC /* Products */,
			);
			sourceTree = "<group>";
		};
		AB5EC9201C2B7C4500E06BDC /* Products */ = {
			isa = PBXGroup;
			children = (
				AB5EC91F1C2B7C4500E06BDC /* Calculator.app */,
				AB5EC9331C2B7C4500E06BDC /* CalculatorTests.xctest */,
				AB5EC93E1C2B7C4500E06BDC /* CalculatorUITests.xctest */,
			);
			name = Products;
			sourceTree = "<group>";
		};
		AB5EC9211C2B7C4500E06BDC /* Calculator */ = {
			isa = PBXGroup;
			children = (
				AB9912B81C31189A00B9777B /* CalculatorBrain.swift */,
				AB5EC9221C2B7C4500E06BDC /* AppDelegate.swift */,
				AB5EC9241C2B7C4500E06BDC /* ViewController.swift */,
				AB5EC9261C2B7C4500E06BDC /* Main.storyboard */,
				AB5EC9291C2B7C4500E06BDC /* Assets.xcassets */,
				AB5EC92B1C2B7C4500E06BDC /* LaunchScreen.storyboard */,
				AB5EC92E1C2B7C4500E06BDC /* Info.plist */,
			);
			path = Calculator;
			sourceTree = "<group>";
		};
		AB5EC9361C2B7C4500E06BDC /* CalculatorTests */ = {
			isa = PBXGroup;
			children = (
				AB5EC9371C2B7C4500E06BDC /* CalculatorTests.swift */,
				AB5EC9391C2B7C4500E06BDC /* Info.plist */,
			);
			path = CalculatorTests;
			sourceTree = "<group>";
		};
		AB5EC9411C2B7C4500E06BDC /* CalculatorUITests */ = {
			isa = PBXGroup;
			children = (
				AB5EC9421C2B7C4500E06BDC /* CalculatorUITests.swift */,
				AB5EC9441C2B7C4500E06BDC /* Info.plist */,
			);
			path = CalculatorUITests;
			sourceTree = "<group>";
		};
/* End PBXGroup section */

/* Begin PBXNativeTarget section */
		AB5EC91E1C2B7C4500E06BDC /* Calculator */ = {
			isa = PBXNativeTarget;
			buildConfigurationList = AB5EC9471C2B7C4500E06BDC /* Build configuration list for PBXNativeTarget "Calculator" */;
			buildPhases = (
				AB5EC91B1C2B7C4500E06BDC /* Sources */,
				AB5EC91C1C2B7C4500E06BDC /* Frameworks */,
				AB5EC91D1C2B7C4500E06BDC /* Resources */,
			);
			buildRules = (
			);
			dependencies = (
			);
			name = Calculator;
			productName = Calculator;
			productReference = AB5EC91F1C2B7C4500E06BDC /* Calculator.app */;
			productType = "com.apple.product-type.application";
		};
		AB5EC9321C2B7C4500E06BDC /* CalculatorTests */ = {
			isa = PBXNativeTarget;
			buildConfigurationList = AB5EC94A1C2B7C4500E06BDC /* Build configuration list for PBXNativeTarget "CalculatorTests" */;
			buildPhases = (
				AB5EC92F1C2B7C4500E06BDC /* Sources */,
				AB5EC9301C2B7C4500E06BDC /* Frameworks */,
				AB5EC9311C2B7C4500E06BDC /* Resources */,
			);
			buildRules = (
			);
			dependencies = (
				AB5EC9351C2B7C4500E06BDC /* PBXTargetDependency */,
			);
			name = CalculatorTests;
			productName = CalculatorTests;
			productReference = AB5EC9331C2B7C4500E06BDC /* CalculatorTests.xctest */;
			productType = "com.apple.product-type.bundle.unit-test";
		};
		AB5EC93D1C2B7C4500E06BDC /* CalculatorUITests */ = {
			isa = PBXNativeTarget;
			buildConfigurationList = AB5EC94D1C2B7C4500E06BDC /* Build configuration list for PBXNativeTarget "CalculatorUITests" */;
			buildPhases = (
				AB5EC93A1C2B7C4500E06BDC /* Sources */,
				AB5EC93B1C2B7C4500E06BDC /* Frameworks */,
				AB5EC93C1C2B7C4500E06BDC /* Resources */,
			);
			buildRules = (
			);
			dependencies = (
				AB5EC9401C2B7C4500E06BDC /* PBXTargetDependency */,
			);
			name = CalculatorUITests;
			productName = CalculatorUITests;
			productReference = AB5EC93E1C2B7C4500E06BDC /* CalculatorUITests.xctest */;
			productType = "com.apple.product-type.bundle.ui-testing";
		};
/* End PBXNativeTarget section */

/* Begin PBXProject section */
		AB5EC9171C2B7C4500E06BDC /* Project object */ = {
			isa = PBXProject;
			attributes = {
				LastSwiftUpdateCheck = 0720;
				LastUpgradeCheck = 0720;
				ORGANIZATIONNAME = "Sayanee Basu";
				TargetAttributes = {
					AB5EC91E1C2B7C4500E06BDC = {
						CreatedOnToolsVersion = 7.2;
						DevelopmentTeam = 4RY823M899;
					};
					AB5EC9321C2B7C4500E06BDC = {
						CreatedOnToolsVersion = 7.2;
						TestTargetID = AB5EC91E1C2B7C4500E06BDC;
					};
					AB5EC93D1C2B7C4500E06BDC = {
						CreatedOnToolsVersion = 7.2;
						TestTargetID = AB5EC91E1C2B7C4500E06BDC;
					};
				};
			};
			buildConfigurationList = AB5EC91A1C2B7C4500E06BDC /* Build configuration list for PBXProject "Calculator" */;
			compatibilityVersion = "Xcode 3.2";
			developmentRegion = English;
			hasScannedForEncodings = 0;
			knownRegions = (
				en,
				Base,
			);
			mainGroup = AB5EC9161C2B7C4500E06BDC;
			productRefGroup = AB5EC9201C2B7C4500E06BDC /* Products */;
			projectDirPath = "";
			projectRoot = "";
			targets = (
				AB5EC91E1C2B7C4500E06BDC /* Calculator */,
				AB5EC9321C2B7C4500E06BDC /* CalculatorTests */,
				AB5EC93D1C2B7C4500E06BDC /* CalculatorUITests */,
			);
		};
/* End PBXProject section */

/* Begin PBXResourcesBuildPhase section */
		AB5EC91D1C2B7C4500E06BDC /* Resources */ = {
			isa = PBXResourcesBuildPhase;
			buildActionMask = 2147483647;
			files = (
				AB5EC92D1C2B7C4500E06BDC /* LaunchScreen.storyboard in Resources */,
				AB5EC92A1C2B7C4500E06BDC /* Assets.xcassets in Resources */,
				AB5EC9281C2B7C4500E06BDC /* Main.storyboard in Resources */,
			);
			runOnlyForDeploymentPostprocessing = 0;
		};
		AB5EC9311C2B7C4500E06BDC /* Resources */ = {
			isa = PBXResourcesBuildPhase;
			buildActionMask = 2147483647;
			files = (
			);
			runOnlyForDeploymentPostprocessing = 0;
		};
		AB5EC93C1C2B7C4500E06BDC /* Resources */ = {
			isa = PBXResourcesBuildPhase;
			buildActionMask = 2147483647;
			files = (
			);
			runOnlyForDeploymentPostprocessing = 0;
		};
/* End PBXResourcesBuildPhase section */

/* Begin PBXSourcesBuildPhase section */
		AB5EC91B1C2B7C4500E06BDC /* Sources */ = {
			isa = PBXSourcesBuildPhase;
			buildActionMask = 2147483647;
			files = (
				AB9912B91C31189A00B9777B /* CalculatorBrain.swift in Sources */,
				AB5EC9251C2B7C4500E06BDC /* ViewController.swift in Sources */,
				AB5EC9231C2B7C4500E06BDC /* AppDelegate.swift in Sources */,
			);
			runOnlyForDeploymentPostprocessing = 0;
		};
		AB5EC92F1C2B7C4500E06BDC /* Sources */ = {
			isa = PBXSourcesBuildPhase;
			buildActionMask = 2147483647;
			files = (
				AB5EC9381C2B7C4500E06BDC /* CalculatorTests.swift in Sources */,
			);
			runOnlyForDeploymentPostprocessing = 0;
		};
		AB5EC93A1C2B7C4500E06BDC /* Sources */ = {
			isa = PBXSourcesBuildPhase;
			buildActionMask = 2147483647;
			files = (
				AB5EC9431C2B7C4500E06BDC /* CalculatorUITests.swift in Sources */,
			);
			runOnlyForDeploymentPostprocessing = 0;
		};
/* End PBXSourcesBuildPhase section */

/* Begin PBXTargetDependency section */
		AB5EC9351C2B7C4500E06BDC /* PBXTargetDependency */ = {
			isa = PBXTargetDependency;
			target = AB5EC91E1C2B7C4500E06BDC /* Calculator */;
			targetProxy = AB5EC9341C2B7C4500E06BDC /* PBXContainerItemProxy */;
		};
		AB5EC9401C2B7C4500E06BDC /* PBXTargetDependency */ = {
			isa = PBXTargetDependency;
			target = AB5EC91E1C2B7C4500E06BDC /* Calculator */;
			targetProxy = AB5EC93F1C2B7C4500E06BDC /* PBXContainerItemProxy */;
		};
/* End PBXTargetDependency section */

/* Begin PBXVariantGroup section */
		AB5EC9261C2B7C4500E06BDC /* Main.storyboard */ = {
			isa = PBXVariantGroup;
			children = (
				AB5EC9271C2B7C4500E06BDC /* Base */,
			);
			name = Main.storyboard;
			sourceTree = "<group>";
		};
		AB5EC92B1C2B7C4500E06BDC /* LaunchScreen.storyboard */ = {
			isa = PBXVariantGroup;
			children = (
				AB5EC92C1C2B7C4500E06BDC /* Base */,
			);
			name = LaunchScreen.storyboard;
			sourceTree = "<group>";
		};
/* End PBXVariantGroup section */

/* Begin XCBuildConfiguration section */
		AB5EC9451C2B7C4500E06BDC /* Debug */ = {
			isa = XCBuildConfiguration;
			buildSettings = {
				ALWAYS_SEARCH_USER_PATHS = NO;
				CLANG_CXX_LANGUAGE_STANDARD = "gnu++0x";
				CLANG_CXX_LIBRARY = "libc++";
				CLANG_ENABLE_MODULES = YES;
				CLANG_ENABLE_OBJC_ARC = YES;
				CLANG_WARN_BOOL_CONVERSION = YES;
				CLANG_WARN_CONSTANT_CONVERSION = YES;
				CLANG_WARN_DIRECT_OBJC_ISA_USAGE = YES_ERROR;
				CLANG_WARN_EMPTY_BODY = YES;
				CLANG_WARN_ENUM_CONVERSION = YES;
				CLANG_WARN_INT_CONVERSION = YES;
				CLANG_WARN_OBJC_ROOT_CLASS = YES_ERROR;
				CLANG_WARN_UNREACHABLE_CODE = YES;
				CLANG_WARN__DUPLICATE_METHOD_MATCH = YES;
				"CODE_SIGN_IDENTITY[sdk=iphoneos*]" = "iPhone Developer";
				COPY_PHASE_STRIP = NO;
				DEBUG_INFORMATION_FORMAT = dwarf;
				ENABLE_STRICT_OBJC_MSGSEND = YES;
				ENABLE_TESTABILITY = YES;
				GCC_C_LANGUAGE_STANDARD = gnu99;
				GCC_DYNAMIC_NO_PIC = NO;
				GCC_NO_COMMON_BLOCKS = YES;
				GCC_OPTIMIZATION_LEVEL = 0;
				GCC_PREPROCESSOR_DEFINITIONS = (
					"DEBUG=1",
					"$(inherited)",
				);
				GCC_WARN_64_TO_32_BIT_CONVERSION = YES;
				GCC_WARN_ABOUT_RETURN_TYPE = YES_ERROR;
				GCC_WARN_UNDECLARED_SELECTOR = YES;
				GCC_WARN_UNINITIALIZED_AUTOS = YES_AGGRESSIVE;
				GCC_WARN_UNUSED_FUNCTION = YES;
				GCC_WARN_UNUSED_VARIABLE = YES;
				IPHONEOS_DEPLOYMENT_TARGET = 9.2;
				MTL_ENABLE_DEBUG_INFO = YES;
				ONLY_ACTIVE_ARCH = YES;
				SDKROOT = iphoneos;
				SWIFT_OPTIMIZATION_LEVEL = "-Onone";
				TARGETED_DEVICE_FAMILY = "1,2";
			};
			name = Debug;
		};
		AB5EC9461C2B7C4500E06BDC /* Release */ = {
			isa = XCBuildConfiguration;
			buildSettings = {
				ALWAYS_SEARCH_USER_PATHS = NO;
				CLANG_CXX_LANGUAGE_STANDARD = "gnu++0x";
				CLANG_CXX_LIBRARY = "libc++";
				CLANG_ENABLE_MODULES = YES;
				CLANG_ENABLE_OBJC_ARC = YES;
				CLANG_WARN_BOOL_CONVERSION = YES;
				CLANG_WARN_CONSTANT_CONVERSION = YES;
				CLANG_WARN_DIRECT_OBJC_ISA_USAGE = YES_ERROR;
				CLANG_WARN_EMPTY_BODY = YES;
				CLANG_WARN_ENUM_CONVERSION = YES;
				CLANG_WARN_INT_CONVERSION = YES;
				CLANG_WARN_OBJC_ROOT_CLASS = YES_ERROR;
				CLANG_WARN_UNREACHABLE_CODE = YES;
				CLANG_WARN__DUPLICATE_METHOD_MATCH = YES;
				"CODE_SIGN_IDENTITY[sdk=iphoneos*]" = "iPhone Developer";
				COPY_PHASE_STRIP = NO;
				DEBUG_INFORMATION_FORMAT = "dwarf-with-dsym";
				ENABLE_NS_ASSERTIONS = NO;
				ENABLE_STRICT_OBJC_MSGSEND = YES;
				GCC_C_LANGUAGE_STANDARD = gnu99;
				GCC_NO_COMMON_BLOCKS = YES;
				GCC_WARN_64_TO_32_BIT_CONVERSION = YES;
				GCC_WARN_ABOUT_RETURN_TYPE = YES_ERROR;
				GCC_WARN_UNDECLARED_SELECTOR = YES;
				GCC_WARN_UNINITIALIZED_AUTOS = YES_AGGRESSIVE;
				GCC_WARN_UNUSED_FUNCTION = YES;
				GCC_WARN_UNUSED_VARIABLE = YES;
				IPHONEOS_DEPLOYMENT_TARGET = 9.2;
				MTL_ENABLE_DEBUG_INFO = NO;
				SDKROOT = iphoneos;
				TARGETED_DEVICE_FAMILY = "1,2";
				VALIDATE_PRODUCT = YES;
			};
			name = Release;
		};
		AB5EC9481C2B7C4500E06BDC /* Debug */ = {
			isa = XCBuildConfiguration;
			buildSettings = {
				ASSETCATALOG_COMPILER_APPICON_NAME = AppIcon;
				CODE_SIGN_IDENTITY = "iPhone Developer";
				"CODE_SIGN_IDENTITY[sdk=iphoneos*]" = "iPhone Developer";
				INFOPLIST_FILE = Calculator/Info.plist;
				LD_RUNPATH_SEARCH_PATHS = "$(inherited) @executable_path/Frameworks";
				PRODUCT_BUNDLE_IDENTIFIER = sayanee.Calculator;
				PRODUCT_NAME = "$(TARGET_NAME)";
				PROVISIONING_PROFILE = "";
			};
			name = Debug;
		};
		AB5EC9491C2B7C4500E06BDC /* Release */ = {
			isa = XCBuildConfiguration;
			buildSettings = {
				ASSETCATALOG_COMPILER_APPICON_NAME = AppIcon;
				CODE_SIGN_IDENTITY = "iPhone Developer";
				"CODE_SIGN_IDENTITY[sdk=iphoneos*]" = "iPhone Developer";
				INFOPLIST_FILE = Calculator/Info.plist;
				LD_RUNPATH_SEARCH_PATHS = "$(inherited) @executable_path/Frameworks";
				PRODUCT_BUNDLE_IDENTIFIER = sayanee.Calculator;
				PRODUCT_NAME = "$(TARGET_NAME)";
				PROVISIONING_PROFILE = "";
			};
			name = Release;
		};
		AB5EC94B1C2B7C4500E06BDC /* Debug */ = {
			isa = XCBuildConfiguration;
			buildSettings = {
				BUNDLE_LOADER = "$(TEST_HOST)";
				INFOPLIST_FILE = CalculatorTests/Info.plist;
				LD_RUNPATH_SEARCH_PATHS = "$(inherited) @executable_path/Frameworks @loader_path/Frameworks";
				PRODUCT_BUNDLE_IDENTIFIER = sayanee.CalculatorTests;
				PRODUCT_NAME = "$(TARGET_NAME)";
				TEST_HOST = "$(BUILT_PRODUCTS_DIR)/Calculator.app/Calculator";
			};
			name = Debug;
		};
		AB5EC94C1C2B7C4500E06BDC /* Release */ = {
			isa = XCBuildConfiguration;
			buildSettings = {
				BUNDLE_LOADER = "$(TEST_HOST)";
				INFOPLIST_FILE = CalculatorTests/Info.plist;
				LD_RUNPATH_SEARCH_PATHS = "$(inherited) @executable_path/Frameworks @loader_path/Frameworks";
				PRODUCT_BUNDLE_IDENTIFIER = sayanee.CalculatorTests;
				PRODUCT_NAME = "$(TARGET_NAME)";
				TEST_HOST = "$(BUILT_PRODUCTS_DIR)/Calculator.app/Calculator";
			};
			name = Release;
		};
		AB5EC94E1C2B7C4500E06BDC /* Debug */ = {
			isa = XCBuildConfiguration;
			buildSettings = {
				INFOPLIST_FILE = CalculatorUITests/Info.plist;
				LD_RUNPATH_SEARCH_PATHS = "$(inherited) @executable_path/Frameworks @loader_path/Frameworks";
				PRODUCT_BUNDLE_IDENTIFIER = sayanee.CalculatorUITests;
				PRODUCT_NAME = "$(TARGET_NAME)";
				TEST_TARGET_NAME = Calculator;
				USES_XCTRUNNER = YES;
			};
			name = Debug;
		};
		AB5EC94F1C2B7C4500E06BDC /* Release */ = {
			isa = XCBuildConfiguration;
			buildSettings = {
				INFOPLIST_FILE = CalculatorUITests/Info.plist;
				LD_RUNPATH_SEARCH_PATHS = "$(inherited) @executable_path/Frameworks @loader_path/Frameworks";
				PRODUCT_BUNDLE_IDENTIFIER = sayanee.CalculatorUITests;
				PRODUCT_NAME = "$(TARGET_NAME)";
				TEST_TARGET_NAME = Calculator;
				USES_XCTRUNNER = YES;
			};
			name = Release;
		};
/* End XCBuildConfiguration section */

/* Begin XCConfigurationList section */
		AB5EC91A1C2B7C4500E06BDC /* Build configuration list for PBXProject "Calculator" */ = {
			isa = XCConfigurationList;
			buildConfigurations = (
				AB5EC9451C2B7C4500E06BDC /* Debug */,
				AB5EC9461C2B7C4500E06BDC /* Release */,
			);
			defaultConfigurationIsVisible = 0;
			defaultConfigurationName = Release;
		};
		AB5EC9471C2B7C4500E06BDC /* Build configuration list for PBXNativeTarget "Calculator" */ = {
			isa = XCConfigurationList;
			buildConfigurations = (
				AB5EC9481C2B7C4500E06BDC /* Debug */,
				AB5EC9491C2B7C4500E06BDC /* Release */,
			);
			defaultConfigurationIsVisible = 0;
			defaultConfigurationName = Release;
		};
		AB5EC94A1C2B7C4500E06BDC /* Build configuration list for PBXNativeTarget "CalculatorTests" */ = {
			isa = XCConfigurationList;
			buildConfigurations = (
				AB5EC94B1C2B7C4500E06BDC /* Debug */,
				AB5EC94C1C2B7C4500E06BDC /* Release */,
			);
			defaultConfigurationIsVisible = 0;
			defaultConfigurationName = Release;
		};
		AB5EC94D1C2B7C4500E06BDC /* Build configuration list for PBXNativeTarget "CalculatorUITests" */ = {
			isa = XCConfigurationList;
			buildConfigurations = (
				AB5EC94E1C2B7C4500E06BDC /* Debug */,
				AB5EC94F1C2B7C4500E06BDC /* Release */,
			);
			defaultConfigurationIsVisible = 0;
			defaultConfigurationName = Release;
		};
/* End XCConfigurationList section */
	};
	rootObject = AB5EC9171C2B7C4500E06BDC /* Project object */;
}
